# THIS IS AN AUTOGENERATED FILE. DO NOT EDIT THIS FILE DIRECTLY.
# yarn lockfile v1


node-pandas@1.0.5:
  version "1.0.5"
  resolved "https://registry.yarnpkg.com/node-pandas/-/node-pandas-1.0.5.tgz#e4e5036ae8f66d82557523a348e73cfebf13e80b"
  integrity sha512-pKp8Mk0LRk7ZHswXT40HX9nDE6LWR4figvcXOz/9k+UebDB3kXNadgex+pSGDRMDYXe+SiUh3GG/EIlmGqCHrQ==
